
Microsoft Visual Studio Solution File, Format Version 12.00
# Visual Studio Version 17
VisualStudioVersion = 17.7.34031.279
MinimumVisualStudioVersion = 10.0.40219.1
Project("{FAE04EC0-301F-11D3-BF4B-00C04F79EFBC}") = "skipper-backend", "skipper-backend\skipper-backend.csproj", "{C8B3595C-0C3C-483B-BAD7-C163B1A4EBF6}"
EndProject
Global
	GlobalSection(SolutionConfigurationPlatforms) = preSolution
		Debug|Any CPU = Debug|Any CPU
		Release|Any CPU = Release|Any CPU
	EndGlobalSection
	GlobalSection(ProjectConfigurationPlatforms) = postSolution
		{C8B3595C-0C3C-483B-BAD7-C163B1A4EBF6}.Debug|Any CPU.ActiveCfg = Debug|Any CPU
		{C8B3595C-0C3C-483B-BAD7-C163B1A4EBF6}.Debug|Any CPU.Build.0 = Debug|Any CPU
		{C8B3595C-0C3C-483B-BAD7-C163B1A4EBF6}.Release|Any CPU.ActiveCfg = Release|Any CPU
		{C8B3595C-0C3C-483B-BAD7-C163B1A4EBF6}.Release|Any CPU.Build.0 = Release|Any CPU
	EndGlobalSection
	GlobalSection(SolutionProperties) = preSolution
		HideSolutionNode = FALSE
	EndGlobalSection
	GlobalSection(ExtensibilityGlobals) = postSolution
		SolutionGuid = {3CC395FE-6170-47FA-9652-02EA469A48F3}
	EndGlobalSection
EndGlobal
